
Microsoft Visual Studio Solution File, Format Version 12.00
# Visual Studio Version 16
VisualStudioVersion = 16.0.30907.101
MinimumVisualStudioVersion = 10.0.40219.1
Project("{8BC9CEB8-8B4A-11D0-8D11-00A0C91BC942}") = "Mestint", "Mestint\Mestint.vcxproj", "{E562A76A-5FD7-49FA-A71C-BE3146588753}"
EndProject
Global
	GlobalSection(SolutionConfigurationPlatforms) = preSolution
		Debug|x64 = Debug|x64
		Debug|x86 = Debug|x86
		Release|x64 = Release|x64
		Release|x86 = Release|x86
	EndGlobalSection
	GlobalSection(ProjectConfigurationPlatforms) = postSolution
		{E562A76A-5FD7-49FA-A71C-BE3146588753}.Debug|x64.ActiveCfg = Debug|x64
		{E562A76A-5FD7-49FA-A71C-BE3146588753}.Debug|x64.Build.0 = Debug|x64
		{E562A76A-5FD7-49FA-A71C-BE3146588753}.Debug|x86.ActiveCfg = Debug|Win32
		{E562A76A-5FD7-49FA-A71C-BE3146588753}.Debug|x86.Build.0 = Debug|Win32
		{E562A76A-5FD7-49FA-A71C-BE3146588753}.Release|x64.ActiveCfg = Release|x64
		{E562A76A-5FD7-49FA-A71C-BE3146588753}.Release|x64.Build.0 = Release|x64
		{E562A76A-5FD7-49FA-A71C-BE3146588753}.Release|x86.ActiveCfg = Release|Win32
		{E562A76A-5FD7-49FA-A71C-BE3146588753}.Release|x86.Build.0 = Release|Win32
	EndGlobalSection
	GlobalSection(SolutionProperties) = preSolution
		HideSolutionNode = FALSE
	EndGlobalSection
	GlobalSection(ExtensibilityGlobals) = postSolution
		SolutionGuid = {DA45F4C4-CAA3-48D5-B214-D900225100A8}
	EndGlobalSection
EndGlobal
