<?xml version="1.0" encoding="utf-8"?>
<Project ToolsVersion="4.0" xmlns="http://schemas.microsoft.com/developer/msbuild/2003">
  <ItemGroup>
    <Filter Include="Source Files">
      <UniqueIdentifier>{4FC737F1-C7A5-4376-A066-2A32D752A2FF}</UniqueIdentifier>
      <Extensions>cpp;c;cc;cxx;c++;cppm;ixx;def;odl;idl;hpj;bat;asm;asmx</Extensions>
    </Filter>
    <Filter Include="Header Files">
      <UniqueIdentifier>{93995380-89BD-4b04-88EB-625FBE52EBFB}</UniqueIdentifier>
      <Extensions>h;hh;hpp;hxx;h++;hm;inl;inc;ipp;xsd</Extensions>
    </Filter>
    <Filter Include="Resource Files">
      <UniqueIdentifier>{67DA6AB6-F800-4c08-8B7A-83BB121AAD01}</UniqueIdentifier>
      <Extensions>rc;ico;cur;bmp;dlg;rc2;rct;bin;rgs;gif;jpg;jpeg;jpe;resx;tiff;tif;png;wav;mfcribbon-ms</Extensions>
    </Filter>
    <Filter Include="Deprecated">
      <UniqueIdentifier>{e1f3840a-4b4b-40da-8442-eef8eb5812ba}</UniqueIdentifier>
    </Filter>
    <Filter Include="AllapotTer">
      <UniqueIdentifier>{b354f77c-51fb-4685-b0e1-34381b042de0}</UniqueIdentifier>
    </Filter>
    <Filter Include="Keresok">
      <UniqueIdentifier>{7cc6c260-1ce3-45d2-9641-3a19969e2564}</UniqueIdentifier>
    </Filter>
  </ItemGroup>
  <ItemGroup>
    <ClCompile Include="main.cpp">
      <Filter>Source Files</Filter>
    </ClCompile>
  </ItemGroup>
  <ItemGroup>
    <ClInclude Include="Hanoi.h">
      <Filter>Header Files</Filter>
    </ClInclude>
    <ClInclude Include="Korong.h">
      <Filter>Header Files</Filter>
    </ClInclude>
    <ClInclude Include="Oszlop.h">
      <Filter>Header Files</Filter>
    </ClInclude>
    <ClInclude Include="Button.h">
      <Filter>Header Files</Filter>
    </ClInclude>
    <ClInclude Include="Globals.h">
      <Filter>Header Files</Filter>
    </ClInclude>
    <ClInclude Include="Allapot.h">
      <Filter>AllapotTer</Filter>
    </ClInclude>
    <ClInclude Include="Csomopont.h">
      <Filter>AllapotTer</Filter>
    </ClInclude>
    <ClInclude Include="Oprt.h">
      <Filter>AllapotTer</Filter>
    </ClInclude>
    <ClInclude Include="Kereso.h">
      <Filter>Deprecated</Filter>
    </ClInclude>
    <ClInclude Include="Melysegi.h">
      <Filter>Keresok</Filter>
    </ClInclude>
    <ClInclude Include="Backtrack.h">
      <Filter>Keresok</Filter>
    </ClInclude>
  </ItemGroup>
</Project>